
Microsoft Visual Studio Solution File, Format Version 12.00
# Visual Studio Version 16
VisualStudioVersion = 16.0.32929.386
MinimumVisualStudioVersion = 10.0.40219.1
Project("{FAE04EC0-301F-11D3-BF4B-00C04F79EFBC}") = "Lancetilla.API", "Lancetilla.API\Lancetilla.API.csproj", "{2D50B219-726D-4453-ADF4-6637D6802A58}"
EndProject
Project("{FAE04EC0-301F-11D3-BF4B-00C04F79EFBC}") = "Lancetilla.Entities", "Lancetilla.Entities\Lancetilla.Entities.csproj", "{2D0B716F-7A1B-4F55-964A-012EA3C7E03E}"
EndProject
Project("{FAE04EC0-301F-11D3-BF4B-00C04F79EFBC}") = "Lancetilla.DataAccess", "Lancetilla.DataAccess\Lancetilla.DataAccess.csproj", "{D09140B6-2D8E-474A-BD9E-D586F97F0B8C}"
EndProject
Project("{FAE04EC0-301F-11D3-BF4B-00C04F79EFBC}") = "Lancetilla.BusinessLogic", "Lancetilla.BusinessLogic\Lancetilla.BusinessLogic.csproj", "{9771089E-D003-4177-9487-F76EF5638457}"
EndProject
Global
	GlobalSection(SolutionConfigurationPlatforms) = preSolution
		Debug|Any CPU = Debug|Any CPU
		Release|Any CPU = Release|Any CPU
	EndGlobalSection
	GlobalSection(ProjectConfigurationPlatforms) = postSolution
		{2D50B219-726D-4453-ADF4-6637D6802A58}.Debug|Any CPU.ActiveCfg = Debug|Any CPU
		{2D50B219-726D-4453-ADF4-6637D6802A58}.Debug|Any CPU.Build.0 = Debug|Any CPU
		{2D50B219-726D-4453-ADF4-6637D6802A58}.Release|Any CPU.ActiveCfg = Release|Any CPU
		{2D50B219-726D-4453-ADF4-6637D6802A58}.Release|Any CPU.Build.0 = Release|Any CPU
		{2D0B716F-7A1B-4F55-964A-012EA3C7E03E}.Debug|Any CPU.ActiveCfg = Debug|Any CPU
		{2D0B716F-7A1B-4F55-964A-012EA3C7E03E}.Debug|Any CPU.Build.0 = Debug|Any CPU
		{2D0B716F-7A1B-4F55-964A-012EA3C7E03E}.Release|Any CPU.ActiveCfg = Release|Any CPU
		{2D0B716F-7A1B-4F55-964A-012EA3C7E03E}.Release|Any CPU.Build.0 = Release|Any CPU
		{D09140B6-2D8E-474A-BD9E-D586F97F0B8C}.Debug|Any CPU.ActiveCfg = Debug|Any CPU
		{D09140B6-2D8E-474A-BD9E-D586F97F0B8C}.Debug|Any CPU.Build.0 = Debug|Any CPU
		{D09140B6-2D8E-474A-BD9E-D586F97F0B8C}.Release|Any CPU.ActiveCfg = Release|Any CPU
		{D09140B6-2D8E-474A-BD9E-D586F97F0B8C}.Release|Any CPU.Build.0 = Release|Any CPU
		{9771089E-D003-4177-9487-F76EF5638457}.Debug|Any CPU.ActiveCfg = Debug|Any CPU
		{9771089E-D003-4177-9487-F76EF5638457}.Debug|Any CPU.Build.0 = Debug|Any CPU
		{9771089E-D003-4177-9487-F76EF5638457}.Release|Any CPU.ActiveCfg = Release|Any CPU
		{9771089E-D003-4177-9487-F76EF5638457}.Release|Any CPU.Build.0 = Release|Any CPU
	EndGlobalSection
	GlobalSection(SolutionProperties) = preSolution
		HideSolutionNode = FALSE
	EndGlobalSection
	GlobalSection(ExtensibilityGlobals) = postSolution
		SolutionGuid = {60422279-5CC1-4953-A560-A53D703A8984}
	EndGlobalSection
EndGlobal
